
Microsoft Visual Studio Solution File, Format Version 12.00
# Visual Studio Version 16
VisualStudioVersion = 16.0.32002.261
MinimumVisualStudioVersion = 10.0.40219.1
Project("{FAE04EC0-301F-11D3-BF4B-00C04F79EFBC}") = "ConsoleLab4_2", "ConsoleLab4_2\ConsoleLab4_2.csproj", "{18D78046-12CC-4DF1-9F55-ABC395E0FFEA}"
EndProject
Global
	GlobalSection(SolutionConfigurationPlatforms) = preSolution
		Debug|Any CPU = Debug|Any CPU
		Release|Any CPU = Release|Any CPU
	EndGlobalSection
	GlobalSection(ProjectConfigurationPlatforms) = postSolution
		{18D78046-12CC-4DF1-9F55-ABC395E0FFEA}.Debug|Any CPU.ActiveCfg = Debug|Any CPU
		{18D78046-12CC-4DF1-9F55-ABC395E0FFEA}.Debug|Any CPU.Build.0 = Debug|Any CPU
		{18D78046-12CC-4DF1-9F55-ABC395E0FFEA}.Release|Any CPU.ActiveCfg = Release|Any CPU
		{18D78046-12CC-4DF1-9F55-ABC395E0FFEA}.Release|Any CPU.Build.0 = Release|Any CPU
	EndGlobalSection
	GlobalSection(SolutionProperties) = preSolution
		HideSolutionNode = FALSE
	EndGlobalSection
	GlobalSection(ExtensibilityGlobals) = postSolution
		SolutionGuid = {C5D54C62-7688-4FBE-B4C0-FE19D97E51CA}
	EndGlobalSection
EndGlobal
